
Microsoft Visual Studio Solution File, Format Version 12.00
# Visual Studio Version 17
VisualStudioVersion = 17.4.33122.133
MinimumVisualStudioVersion = 10.0.40219.1
Project("{FAE04EC0-301F-11D3-BF4B-00C04F79EFBC}") = "EfExample.Api", "EfExample.Api\EfExample.Api.csproj", "{AD377482-D553-42E5-B0C0-F1F1BB472785}"
EndProject
Global
	GlobalSection(SolutionConfigurationPlatforms) = preSolution
		Debug|Any CPU = Debug|Any CPU
		Release|Any CPU = Release|Any CPU
	EndGlobalSection
	GlobalSection(ProjectConfigurationPlatforms) = postSolution
		{AD377482-D553-42E5-B0C0-F1F1BB472785}.Debug|Any CPU.ActiveCfg = Debug|Any CPU
		{AD377482-D553-42E5-B0C0-F1F1BB472785}.Debug|Any CPU.Build.0 = Debug|Any CPU
		{AD377482-D553-42E5-B0C0-F1F1BB472785}.Release|Any CPU.ActiveCfg = Release|Any CPU
		{AD377482-D553-42E5-B0C0-F1F1BB472785}.Release|Any CPU.Build.0 = Release|Any CPU
	EndGlobalSection
	GlobalSection(SolutionProperties) = preSolution
		HideSolutionNode = FALSE
	EndGlobalSection
	GlobalSection(ExtensibilityGlobals) = postSolution
		SolutionGuid = {2C9AFE0A-DF4C-4EE5-B811-1D80C2E53030}
	EndGlobalSection
EndGlobal
